// !$*UTF8*$!
{
	archiveVersion = 1;
	classes = {
	};
	objectVersion = 56;
	objects = {

/* Begin PBXBuildFile section */
		7448FACA2901F324006564A5 /* AppDelegate.swift in Sources */ = {isa = PBXBuildFile; fileRef = 7448FAC92901F324006564A5 /* AppDelegate.swift */; };
		7448FACC2901F324006564A5 /* SceneDelegate.swift in Sources */ = {isa = PBXBuildFile; fileRef = 7448FACB2901F324006564A5 /* SceneDelegate.swift */; };
		7448FACE2901F324006564A5 /* AuthenticationViewController.swift in Sources */ = {isa = PBXBuildFile; fileRef = 7448FACD2901F324006564A5 /* AuthenticationViewController.swift */; };
		7448FAD32901F327006564A5 /* Assets.xcassets in Resources */ = {isa = PBXBuildFile; fileRef = 7448FAD22901F327006564A5 /* Assets.xcassets */; };
		7448FAD62901F327006564A5 /* LaunchScreen.storyboard in Resources */ = {isa = PBXBuildFile; fileRef = 7448FAD42901F327006564A5 /* LaunchScreen.storyboard */; };
		7448FAE22901F7DF006564A5 /* AuthenticationView.swift in Sources */ = {isa = PBXBuildFile; fileRef = 7448FAE12901F7DF006564A5 /* AuthenticationView.swift */; };
		7448FAE62901F87D006564A5 /* UILabel + Ext.swift in Sources */ = {isa = PBXBuildFile; fileRef = 7448FAE52901F87D006564A5 /* UILabel + Ext.swift */; };
		7448FAE82901F92B006564A5 /* UIFont + Ext.swift in Sources */ = {isa = PBXBuildFile; fileRef = 7448FAE72901F92B006564A5 /* UIFont + Ext.swift */; };
		7448FAEA29020198006564A5 /* UIColor + Ext.swift in Sources */ = {isa = PBXBuildFile; fileRef = 7448FAE929020197006564A5 /* UIColor + Ext.swift */; };
		7448FAEC29020A16006564A5 /* UIStackView + Ext.swift in Sources */ = {isa = PBXBuildFile; fileRef = 7448FAEB29020A16006564A5 /* UIStackView + Ext.swift */; };
		7448FAEE2902134B006564A5 /* UITextField + Ext.swift in Sources */ = {isa = PBXBuildFile; fileRef = 7448FAED2902134B006564A5 /* UITextField + Ext.swift */; };
		7448FAF0290220F6006564A5 /* SignInViewController.swift in Sources */ = {isa = PBXBuildFile; fileRef = 7448FAEF290220F6006564A5 /* SignInViewController.swift */; };
		7448FAF229022106006564A5 /* SignInView.swift in Sources */ = {isa = PBXBuildFile; fileRef = 7448FAF129022106006564A5 /* SignInView.swift */; };
		7448FAF429022FFC006564A5 /* MainTabBarController.swift in Sources */ = {isa = PBXBuildFile; fileRef = 7448FAF329022FFC006564A5 /* MainTabBarController.swift */; };
		7448FAF629023176006564A5 /* AddPhotoViewController.swift in Sources */ = {isa = PBXBuildFile; fileRef = 7448FAF529023176006564A5 /* AddPhotoViewController.swift */; };
		7448FAF829023220006564A5 /* ProfileViewController.swift in Sources */ = {isa = PBXBuildFile; fileRef = 7448FAF729023220006564A5 /* ProfileViewController.swift */; };
/* End PBXBuildFile section */

/* Begin PBXFileReference section */
		7448FAC62901F324006564A5 /* GalleryTest.app */ = {isa = PBXFileReference; explicitFileType = wrapper.application; includeInIndex = 0; path = GalleryTest.app; sourceTree = BUILT_PRODUCTS_DIR; };
		7448FAC92901F324006564A5 /* AppDelegate.swift */ = {isa = PBXFileReference; lastKnownFileType = sourcecode.swift; path = AppDelegate.swift; sourceTree = "<group>"; };
		7448FACB2901F324006564A5 /* SceneDelegate.swift */ = {isa = PBXFileReference; lastKnownFileType = sourcecode.swift; path = SceneDelegate.swift; sourceTree = "<group>"; };
		7448FACD2901F324006564A5 /* AuthenticationViewController.swift */ = {isa = PBXFileReference; lastKnownFileType = sourcecode.swift; path = AuthenticationViewController.swift; sourceTree = "<group>"; };
		7448FAD22901F327006564A5 /* Assets.xcassets */ = {isa = PBXFileReference; lastKnownFileType = folder.assetcatalog; path = Assets.xcassets; sourceTree = "<group>"; };
		7448FAD52901F327006564A5 /* Base */ = {isa = PBXFileReference; lastKnownFileType = file.storyboard; name = Base; path = Base.lproj/LaunchScreen.storyboard; sourceTree = "<group>"; };
		7448FAD72901F327006564A5 /* Info.plist */ = {isa = PBXFileReference; lastKnownFileType = text.plist.xml; path = Info.plist; sourceTree = "<group>"; };
		7448FAE12901F7DF006564A5 /* AuthenticationView.swift */ = {isa = PBXFileReference; lastKnownFileType = sourcecode.swift; path = AuthenticationView.swift; sourceTree = "<group>"; };
		7448FAE52901F87D006564A5 /* UILabel + Ext.swift */ = {isa = PBXFileReference; lastKnownFileType = sourcecode.swift; path = "UILabel + Ext.swift"; sourceTree = "<group>"; };
		7448FAE72901F92B006564A5 /* UIFont + Ext.swift */ = {isa = PBXFileReference; lastKnownFileType = sourcecode.swift; path = "UIFont + Ext.swift"; sourceTree = "<group>"; };
		7448FAE929020197006564A5 /* UIColor + Ext.swift */ = {isa = PBXFileReference; lastKnownFileType = sourcecode.swift; path = "UIColor + Ext.swift"; sourceTree = "<group>"; };
		7448FAEB29020A16006564A5 /* UIStackView + Ext.swift */ = {isa = PBXFileReference; lastKnownFileType = sourcecode.swift; path = "UIStackView + Ext.swift"; sourceTree = "<group>"; };
		7448FAED2902134B006564A5 /* UITextField + Ext.swift */ = {isa = PBXFileReference; lastKnownFileType = sourcecode.swift; path = "UITextField + Ext.swift"; sourceTree = "<group>"; };
		7448FAEF290220F6006564A5 /* SignInViewController.swift */ = {isa = PBXFileReference; lastKnownFileType = sourcecode.swift; path = SignInViewController.swift; sourceTree = "<group>"; };
		7448FAF129022106006564A5 /* SignInView.swift */ = {isa = PBXFileReference; lastKnownFileType = sourcecode.swift; path = SignInView.swift; sourceTree = "<group>"; };
		7448FAF329022FFC006564A5 /* MainTabBarController.swift */ = {isa = PBXFileReference; lastKnownFileType = sourcecode.swift; path = MainTabBarController.swift; sourceTree = "<group>"; };
		7448FAF529023176006564A5 /* AddPhotoViewController.swift */ = {isa = PBXFileReference; lastKnownFileType = sourcecode.swift; path = AddPhotoViewController.swift; sourceTree = "<group>"; };
		7448FAF729023220006564A5 /* ProfileViewController.swift */ = {isa = PBXFileReference; lastKnownFileType = sourcecode.swift; path = ProfileViewController.swift; sourceTree = "<group>"; };
/* End PBXFileReference section */

/* Begin PBXFrameworksBuildPhase section */
		7448FAC32901F324006564A5 /* Frameworks */ = {
			isa = PBXFrameworksBuildPhase;
			buildActionMask = 2147483647;
			files = (
			);
			runOnlyForDeploymentPostprocessing = 0;
		};
/* End PBXFrameworksBuildPhase section */

/* Begin PBXGroup section */
		7448FABD2901F323006564A5 = {
			isa = PBXGroup;
			children = (
				7448FAC82901F324006564A5 /* GalleryTest */,
				7448FAC72901F324006564A5 /* Products */,
			);
			sourceTree = "<group>";
		};
		7448FAC72901F324006564A5 /* Products */ = {
			isa = PBXGroup;
			children = (
				7448FAC62901F324006564A5 /* GalleryTest.app */,
			);
			name = Products;
			sourceTree = "<group>";
		};
		7448FAC82901F324006564A5 /* GalleryTest */ = {
			isa = PBXGroup;
			children = (
				7448FAE32901F85C006564A5 /* Helpers */,
				7448FAE02901F3B6006564A5 /* Views */,
				7448FADE2901F3A0006564A5 /* Application */,
				7448FADF2901F3AB006564A5 /* Controlllers */,
				7448FADD2901F36E006564A5 /* Resources */,
			);
			path = GalleryTest;
			sourceTree = "<group>";
		};
		7448FADD2901F36E006564A5 /* Resources */ = {
			isa = PBXGroup;
			children = (
				7448FAD22901F327006564A5 /* Assets.xcassets */,
				7448FAD42901F327006564A5 /* LaunchScreen.storyboard */,
				7448FAD72901F327006564A5 /* Info.plist */,
			);
			path = Resources;
			sourceTree = "<group>";
		};
		7448FADE2901F3A0006564A5 /* Application */ = {
			isa = PBXGroup;
			children = (
				7448FAC92901F324006564A5 /* AppDelegate.swift */,
				7448FACB2901F324006564A5 /* SceneDelegate.swift */,
			);
			path = Application;
			sourceTree = "<group>";
		};
		7448FADF2901F3AB006564A5 /* Controlllers */ = {
			isa = PBXGroup;
			children = (
				7448FACD2901F324006564A5 /* AuthenticationViewController.swift */,
				7448FAEF290220F6006564A5 /* SignInViewController.swift */,
				7448FAF329022FFC006564A5 /* MainTabBarController.swift */,
				7448FAF529023176006564A5 /* AddPhotoViewController.swift */,
				7448FAF729023220006564A5 /* ProfileViewController.swift */,
			);
			path = Controlllers;
			sourceTree = "<group>";
		};
		7448FAE02901F3B6006564A5 /* Views */ = {
			isa = PBXGroup;
			children = (
				7448FAE12901F7DF006564A5 /* AuthenticationView.swift */,
				7448FAF129022106006564A5 /* SignInView.swift */,
			);
			path = Views;
			sourceTree = "<group>";
		};
		7448FAE32901F85C006564A5 /* Helpers */ = {
			isa = PBXGroup;
			children = (
				7448FAE42901F868006564A5 /* Extentions */,
			);
			path = Helpers;
			sourceTree = "<group>";
		};
		7448FAE42901F868006564A5 /* Extentions */ = {
			isa = PBXGroup;
			children = (
				7448FAE52901F87D006564A5 /* UILabel + Ext.swift */,
				7448FAE72901F92B006564A5 /* UIFont + Ext.swift */,
				7448FAE929020197006564A5 /* UIColor + Ext.swift */,
				7448FAEB29020A16006564A5 /* UIStackView + Ext.swift */,
				7448FAED2902134B006564A5 /* UITextField + Ext.swift */,
			);
			path = Extentions;
			sourceTree = "<group>";
		};
/* End PBXGroup section */

/* Begin PBXNativeTarget section */
		7448FAC52901F324006564A5 /* GalleryTest */ = {
			isa = PBXNativeTarget;
			buildConfigurationList = 7448FADA2901F327006564A5 /* Build configuration list for PBXNativeTarget "GalleryTest" */;
			buildPhases = (
				7448FAC22901F324006564A5 /* Sources */,
				7448FAC32901F324006564A5 /* Frameworks */,
				7448FAC42901F324006564A5 /* Resources */,
			);
			buildRules = (
			);
			dependencies = (
			);
			name = GalleryTest;
			productName = GalleryTest;
			productReference = 7448FAC62901F324006564A5 /* GalleryTest.app */;
			productType = "com.apple.product-type.application";
		};
/* End PBXNativeTarget section */

/* Begin PBXProject section */
		7448FABE2901F323006564A5 /* Project object */ = {
			isa = PBXProject;
			attributes = {
				BuildIndependentTargetsInParallel = 1;
				LastSwiftUpdateCheck = 1400;
				LastUpgradeCheck = 1400;
				TargetAttributes = {
					7448FAC52901F324006564A5 = {
						CreatedOnToolsVersion = 14.0;
					};
				};
			};
			buildConfigurationList = 7448FAC12901F323006564A5 /* Build configuration list for PBXProject "GalleryTest" */;
			compatibilityVersion = "Xcode 14.0";
			developmentRegion = en;
			hasScannedForEncodings = 0;
			knownRegions = (
				en,
				Base,
			);
			mainGroup = 7448FABD2901F323006564A5;
			productRefGroup = 7448FAC72901F324006564A5 /* Products */;
			projectDirPath = "";
			projectRoot = "";
			targets = (
				7448FAC52901F324006564A5 /* GalleryTest */,
			);
		};
/* End PBXProject section */

/* Begin PBXResourcesBuildPhase section */
		7448FAC42901F324006564A5 /* Resources */ = {
			isa = PBXResourcesBuildPhase;
			buildActionMask = 2147483647;
			files = (
				7448FAD62901F327006564A5 /* LaunchScreen.storyboard in Resources */,
				7448FAD32901F327006564A5 /* Assets.xcassets in Resources */,
			);
			runOnlyForDeploymentPostprocessing = 0;
		};
/* End PBXResourcesBuildPhase section */

/* Begin PBXSourcesBuildPhase section */
		7448FAC22901F324006564A5 /* Sources */ = {
			isa = PBXSourcesBuildPhase;
			buildActionMask = 2147483647;
			files = (
				7448FAF629023176006564A5 /* AddPhotoViewController.swift in Sources */,
				7448FACE2901F324006564A5 /* AuthenticationViewController.swift in Sources */,
				7448FAEE2902134B006564A5 /* UITextField + Ext.swift in Sources */,
				7448FAF429022FFC006564A5 /* MainTabBarController.swift in Sources */,
				7448FAF829023220006564A5 /* ProfileViewController.swift in Sources */,
				7448FACA2901F324006564A5 /* AppDelegate.swift in Sources */,
				7448FAEA29020198006564A5 /* UIColor + Ext.swift in Sources */,
				7448FAE22901F7DF006564A5 /* AuthenticationView.swift in Sources */,
				7448FAE62901F87D006564A5 /* UILabel + Ext.swift in Sources */,
				7448FAEC29020A16006564A5 /* UIStackView + Ext.swift in Sources */,
				7448FAE82901F92B006564A5 /* UIFont + Ext.swift in Sources */,
				7448FAF0290220F6006564A5 /* SignInViewController.swift in Sources */,
				7448FAF229022106006564A5 /* SignInView.swift in Sources */,
				7448FACC2901F324006564A5 /* SceneDelegate.swift in Sources */,
			);
			runOnlyForDeploymentPostprocessing = 0;
		};
/* End PBXSourcesBuildPhase section */

/* Begin PBXVariantGroup section */
		7448FAD42901F327006564A5 /* LaunchScreen.storyboard */ = {
			isa = PBXVariantGroup;
			children = (
				7448FAD52901F327006564A5 /* Base */,
			);
			name = LaunchScreen.storyboard;
			sourceTree = "<group>";
		};
/* End PBXVariantGroup section */

/* Begin XCBuildConfiguration section */
		7448FAD82901F327006564A5 /* Debug */ = {
			isa = XCBuildConfiguration;
			buildSettings = {
				ALWAYS_SEARCH_USER_PATHS = NO;
				CLANG_ANALYZER_NONNULL = YES;
				CLANG_ANALYZER_NUMBER_OBJECT_CONVERSION = YES_AGGRESSIVE;
				CLANG_CXX_LANGUAGE_STANDARD = "gnu++20";
				CLANG_ENABLE_MODULES = YES;
				CLANG_ENABLE_OBJC_ARC = YES;
				CLANG_ENABLE_OBJC_WEAK = YES;
				CLANG_WARN_BLOCK_CAPTURE_AUTORELEASING = YES;
				CLANG_WARN_BOOL_CONVERSION = YES;
				CLANG_WARN_COMMA = YES;
				CLANG_WARN_CONSTANT_CONVERSION = YES;
				CLANG_WARN_DEPRECATED_OBJC_IMPLEMENTATIONS = YES;
				CLANG_WARN_DIRECT_OBJC_ISA_USAGE = YES_ERROR;
				CLANG_WARN_DOCUMENTATION_COMMENTS = YES;
				CLANG_WARN_EMPTY_BODY = YES;
				CLANG_WARN_ENUM_CONVERSION = YES;
				CLANG_WARN_INFINITE_RECURSION = YES;
				CLANG_WARN_INT_CONVERSION = YES;
				CLANG_WARN_NON_LITERAL_NULL_CONVERSION = YES;
				CLANG_WARN_OBJC_IMPLICIT_RETAIN_SELF = YES;
				CLANG_WARN_OBJC_LITERAL_CONVERSION = YES;
				CLANG_WARN_OBJC_ROOT_CLASS = YES_ERROR;
				CLANG_WARN_QUOTED_INCLUDE_IN_FRAMEWORK_HEADER = YES;
				CLANG_WARN_RANGE_LOOP_ANALYSIS = YES;
				CLANG_WARN_STRICT_PROTOTYPES = YES;
				CLANG_WARN_SUSPICIOUS_MOVE = YES;
				CLANG_WARN_UNGUARDED_AVAILABILITY = YES_AGGRESSIVE;
				CLANG_WARN_UNREACHABLE_CODE = YES;
				CLANG_WARN__DUPLICATE_METHOD_MATCH = YES;
				COPY_PHASE_STRIP = NO;
				DEBUG_INFORMATION_FORMAT = dwarf;
				ENABLE_STRICT_OBJC_MSGSEND = YES;
				ENABLE_TESTABILITY = YES;
				GCC_C_LANGUAGE_STANDARD = gnu11;
				GCC_DYNAMIC_NO_PIC = NO;
				GCC_NO_COMMON_BLOCKS = YES;
				GCC_OPTIMIZATION_LEVEL = 0;
				GCC_PREPROCESSOR_DEFINITIONS = (
					"DEBUG=1",
					"$(inherited)",
				);
				GCC_WARN_64_TO_32_BIT_CONVERSION = YES;
				GCC_WARN_ABOUT_RETURN_TYPE = YES_ERROR;
				GCC_WARN_UNDECLARED_SELECTOR = YES;
				GCC_WARN_UNINITIALIZED_AUTOS = YES_AGGRESSIVE;
				GCC_WARN_UNUSED_FUNCTION = YES;
				GCC_WARN_UNUSED_VARIABLE = YES;
				IPHONEOS_DEPLOYMENT_TARGET = 16.0;
				MTL_ENABLE_DEBUG_INFO = INCLUDE_SOURCE;
				MTL_FAST_MATH = YES;
				ONLY_ACTIVE_ARCH = YES;
				SDKROOT = iphoneos;
				SWIFT_ACTIVE_COMPILATION_CONDITIONS = DEBUG;
				SWIFT_OPTIMIZATION_LEVEL = "-Onone";
			};
			name = Debug;
		};
		7448FAD92901F327006564A5 /* Release */ = {
			isa = XCBuildConfiguration;
			buildSettings = {
				ALWAYS_SEARCH_USER_PATHS = NO;
				CLANG_ANALYZER_NONNULL = YES;
				CLANG_ANALYZER_NUMBER_OBJECT_CONVERSION = YES_AGGRESSIVE;
				CLANG_CXX_LANGUAGE_STANDARD = "gnu++20";
				CLANG_ENABLE_MODULES = YES;
				CLANG_ENABLE_OBJC_ARC = YES;
				CLANG_ENABLE_OBJC_WEAK = YES;
				CLANG_WARN_BLOCK_CAPTURE_AUTORELEASING = YES;
				CLANG_WARN_BOOL_CONVERSION = YES;
				CLANG_WARN_COMMA = YES;
				CLANG_WARN_CONSTANT_CONVERSION = YES;
				CLANG_WARN_DEPRECATED_OBJC_IMPLEMENTATIONS = YES;
				CLANG_WARN_DIRECT_OBJC_ISA_USAGE = YES_ERROR;
				CLANG_WARN_DOCUMENTATION_COMMENTS = YES;
				CLANG_WARN_EMPTY_BODY = YES;
				CLANG_WARN_ENUM_CONVERSION = YES;
				CLANG_WARN_INFINITE_RECURSION = YES;
				CLANG_WARN_INT_CONVERSION = YES;
				CLANG_WARN_NON_LITERAL_NULL_CONVERSION = YES;
				CLANG_WARN_OBJC_IMPLICIT_RETAIN_SELF = YES;
				CLANG_WARN_OBJC_LITERAL_CONVERSION = YES;
				CLANG_WARN_OBJC_ROOT_CLASS = YES_ERROR;
				CLANG_WARN_QUOTED_INCLUDE_IN_FRAMEWORK_HEADER = YES;
				CLANG_WARN_RANGE_LOOP_ANALYSIS = YES;
				CLANG_WARN_STRICT_PROTOTYPES = YES;
				CLANG_WARN_SUSPICIOUS_MOVE = YES;
				CLANG_WARN_UNGUARDED_AVAILABILITY = YES_AGGRESSIVE;
				CLANG_WARN_UNREACHABLE_CODE = YES;
				CLANG_WARN__DUPLICATE_METHOD_MATCH = YES;
				COPY_PHASE_STRIP = NO;
				DEBUG_INFORMATION_FORMAT = "dwarf-with-dsym";
				ENABLE_NS_ASSERTIONS = NO;
				ENABLE_STRICT_OBJC_MSGSEND = YES;
				GCC_C_LANGUAGE_STANDARD = gnu11;
				GCC_NO_COMMON_BLOCKS = YES;
				GCC_WARN_64_TO_32_BIT_CONVERSION = YES;
				GCC_WARN_ABOUT_RETURN_TYPE = YES_ERROR;
				GCC_WARN_UNDECLARED_SELECTOR = YES;
				GCC_WARN_UNINITIALIZED_AUTOS = YES_AGGRESSIVE;
				GCC_WARN_UNUSED_FUNCTION = YES;
				GCC_WARN_UNUSED_VARIABLE = YES;
				IPHONEOS_DEPLOYMENT_TARGET = 16.0;
				MTL_ENABLE_DEBUG_INFO = NO;
				MTL_FAST_MATH = YES;
				SDKROOT = iphoneos;
				SWIFT_COMPILATION_MODE = wholemodule;
				SWIFT_OPTIMIZATION_LEVEL = "-O";
				VALIDATE_PRODUCT = YES;
			};
			name = Release;
		};
		7448FADB2901F327006564A5 /* Debug */ = {
			isa = XCBuildConfiguration;
			buildSettings = {
				ASSETCATALOG_COMPILER_APPICON_NAME = AppIcon;
				ASSETCATALOG_COMPILER_GLOBAL_ACCENT_COLOR_NAME = AccentColor;
				CODE_SIGN_STYLE = Automatic;
				CURRENT_PROJECT_VERSION = 1;
				DEVELOPMENT_TEAM = 7S58P9LH7H;
				GENERATE_INFOPLIST_FILE = YES;
				INFOPLIST_FILE = GalleryTest/Resources/Info.plist;
				INFOPLIST_KEY_UIApplicationSupportsIndirectInputEvents = YES;
				INFOPLIST_KEY_UILaunchStoryboardName = LaunchScreen;
				INFOPLIST_KEY_UISupportedInterfaceOrientations = UIInterfaceOrientationPortrait;
				INFOPLIST_KEY_UISupportedInterfaceOrientations_iPad = "UIInterfaceOrientationLandscapeRight UIInterfaceOrientationPortrait";
				IPHONEOS_DEPLOYMENT_TARGET = 15.0;
				LD_RUNPATH_SEARCH_PATHS = (
					"$(inherited)",
					"@executable_path/Frameworks",
				);
				MARKETING_VERSION = 1.0;
				PRODUCT_BUNDLE_IDENTIFIER = romanKarasev.GalleryTest;
				PRODUCT_NAME = "$(TARGET_NAME)";
				SUPPORTED_PLATFORMS = "iphoneos iphonesimulator";
				SUPPORTS_MACCATALYST = NO;
				SUPPORTS_MAC_DESIGNED_FOR_IPHONE_IPAD = NO;
				SWIFT_EMIT_LOC_STRINGS = YES;
				SWIFT_VERSION = 5.0;
				TARGETED_DEVICE_FAMILY = 1;
			};
			name = Debug;
		};
		7448FADC2901F327006564A5 /* Release */ = {
			isa = XCBuildConfiguration;
			buildSettings = {
				ASSETCATALOG_COMPILER_APPICON_NAME = AppIcon;
				ASSETCATALOG_COMPILER_GLOBAL_ACCENT_COLOR_NAME = AccentColor;
				CODE_SIGN_STYLE = Automatic;
				CURRENT_PROJECT_VERSION = 1;
				DEVELOPMENT_TEAM = 7S58P9LH7H;
				GENERATE_INFOPLIST_FILE = YES;
				INFOPLIST_FILE = GalleryTest/Resources/Info.plist;
				INFOPLIST_KEY_UIApplicationSupportsIndirectInputEvents = YES;
				INFOPLIST_KEY_UILaunchStoryboardName = LaunchScreen;
				INFOPLIST_KEY_UISupportedInterfaceOrientations = UIInterfaceOrientationPortrait;
				INFOPLIST_KEY_UISupportedInterfaceOrientations_iPad = "UIInterfaceOrientationLandscapeRight UIInterfaceOrientationPortrait";
				IPHONEOS_DEPLOYMENT_TARGET = 15.0;
				LD_RUNPATH_SEARCH_PATHS = (
					"$(inherited)",
					"@executable_path/Frameworks",
				);
				MARKETING_VERSION = 1.0;
				PRODUCT_BUNDLE_IDENTIFIER = romanKarasev.GalleryTest;
				PRODUCT_NAME = "$(TARGET_NAME)";
				SUPPORTED_PLATFORMS = "iphoneos iphonesimulator";
				SUPPORTS_MACCATALYST = NO;
				SUPPORTS_MAC_DESIGNED_FOR_IPHONE_IPAD = NO;
				SWIFT_EMIT_LOC_STRINGS = YES;
				SWIFT_VERSION = 5.0;
				TARGETED_DEVICE_FAMILY = 1;
			};
			name = Release;
		};
/* End XCBuildConfiguration section */

/* Begin XCConfigurationList section */
		7448FAC12901F323006564A5 /* Build configuration list for PBXProject "GalleryTest" */ = {
			isa = XCConfigurationList;
			buildConfigurations = (
				7448FAD82901F327006564A5 /* Debug */,
				7448FAD92901F327006564A5 /* Release */,
			);
			defaultConfigurationIsVisible = 0;
			defaultConfigurationName = Release;
		};
		7448FADA2901F327006564A5 /* Build configuration list for PBXNativeTarget "GalleryTest" */ = {
			isa = XCConfigurationList;
			buildConfigurations = (
				7448FADB2901F327006564A5 /* Debug */,
				7448FADC2901F327006564A5 /* Release */,
			);
			defaultConfigurationIsVisible = 0;
			defaultConfigurationName = Release;
		};
/* End XCConfigurationList section */
	};
	rootObject = 7448FABE2901F323006564A5 /* Project object */;
}
